
Microsoft Visual Studio Solution File, Format Version 12.00
# Visual Studio Version 16
VisualStudioVersion = 16.0.29709.97
MinimumVisualStudioVersion = 10.0.40219.1
Project("{FAE04EC0-301F-11D3-BF4B-00C04F79EFBC}") = "assignment5", "assignment5\assignment5.csproj", "{35946879-958F-4251-AD45-682C2095CF92}"
EndProject
Global
	GlobalSection(SolutionConfigurationPlatforms) = preSolution
		Debug|Any CPU = Debug|Any CPU
		Release|Any CPU = Release|Any CPU
	EndGlobalSection
	GlobalSection(ProjectConfigurationPlatforms) = postSolution
		{35946879-958F-4251-AD45-682C2095CF92}.Debug|Any CPU.ActiveCfg = Debug|Any CPU
		{35946879-958F-4251-AD45-682C2095CF92}.Debug|Any CPU.Build.0 = Debug|Any CPU
		{35946879-958F-4251-AD45-682C2095CF92}.Release|Any CPU.ActiveCfg = Release|Any CPU
		{35946879-958F-4251-AD45-682C2095CF92}.Release|Any CPU.Build.0 = Release|Any CPU
	EndGlobalSection
	GlobalSection(SolutionProperties) = preSolution
		HideSolutionNode = FALSE
	EndGlobalSection
	GlobalSection(ExtensibilityGlobals) = postSolution
		SolutionGuid = {72EAC5E6-492E-419C-B900-025345023945}
	EndGlobalSection
EndGlobal
